{
  "name": "loop-dev-experiment",
  "version": "1.0.0",
  "lockfileVersion": 3,
  "requires": true,
  "packages": {
    "": {
      "name": "loop-dev-experiment",
      "version": "1.0.0",
      "dependencies": {
        "agent-trace-outcomes": "file:../../agent-trace-outcomes",
        "dotenv": "^16.6.1"
      }
    },
    "../../agent-trace-outcomes": {
      "version": "0.1.0",
      "license": "MIT",
      "dependencies": {
        "commander": "^12.1.0"
      },
      "bin": {
        "atrace-outcomes": "dist/cli.js"
      },
      "devDependencies": {
        "@types/node": "^20.14.0",
        "tsup": "^8.2.0",
        "typescript": "^5.5.0",
        "vitest": "^2.0.0"
      },
      "engines": {
        "node": ">=18"
      }
    },
    "node_modules/agent-trace-outcomes": {
      "resolved": "../../agent-trace-outcomes",
      "link": true
    },
    "node_modules/dotenv": {
      "version": "16.6.1",
      "resolved": "https://registry.npmjs.org/dotenv/-/dotenv-16.6.1.tgz",
      "integrity": "sha512-uBq4egWHTcTt33a72vpSG0z3HnPuIl6NqYcTrKEg2azoEyl2hpW0zqlxysq2pK9HlDIHyHyakeYaYnSAwd8bow==",
      "license": "BSD-2-Clause",
      "engines": {
        "node": ">=12"
      },
      "funding": {
        "url": "https://dotenvx.com"
      }
    }
  }
}
